// !$*UTF8*$!
{
	archiveVersion = 1;
	classes = {
	};
	objectVersion = 50;
	objects = {

/* Begin PBXBuildFile section */
		283BF62C231EDDAC00AFB408 /* AppDelegate.swift in Sources */ = {isa = PBXBuildFile; fileRef = 283BF62B231EDDAC00AFB408 /* AppDelegate.swift */; };
		283BF62E231EDDAC00AFB408 /* ViewController.swift in Sources */ = {isa = PBXBuildFile; fileRef = 283BF62D231EDDAC00AFB408 /* ViewController.swift */; };
		283BF631231EDDAC00AFB408 /* Main.storyboard in Resources */ = {isa = PBXBuildFile; fileRef = 283BF62F231EDDAC00AFB408 /* Main.storyboard */; };
		283BF633231EDDAD00AFB408 /* Assets.xcassets in Resources */ = {isa = PBXBuildFile; fileRef = 283BF632231EDDAD00AFB408 /* Assets.xcassets */; };
		283BF636231EDDAD00AFB408 /* LaunchScreen.storyboard in Resources */ = {isa = PBXBuildFile; fileRef = 283BF634231EDDAD00AFB408 /* LaunchScreen.storyboard */; };
/* End PBXBuildFile section */

/* Begin PBXFileReference section */
		283BF628231EDDAC00AFB408 /* MyDogs.app */ = {isa = PBXFileReference; explicitFileType = wrapper.application; includeInIndex = 0; path = MyDogs.app; sourceTree = BUILT_PRODUCTS_DIR; };
		283BF62B231EDDAC00AFB408 /* AppDelegate.swift */ = {isa = PBXFileReference; lastKnownFileType = sourcecode.swift; path = AppDelegate.swift; sourceTree = "<group>"; };
		283BF62D231EDDAC00AFB408 /* ViewController.swift */ = {isa = PBXFileReference; lastKnownFileType = sourcecode.swift; path = ViewController.swift; sourceTree = "<group>"; };
		283BF630231EDDAC00AFB408 /* Base */ = {isa = PBXFileReference; lastKnownFileType = file.storyboard; name = Base; path = Base.lproj/Main.storyboard; sourceTree = "<group>"; };
		283BF632231EDDAD00AFB408 /* Assets.xcassets */ = {isa = PBXFileReference; lastKnownFileType = folder.assetcatalog; path = Assets.xcassets; sourceTree = "<group>"; };
		283BF635231EDDAD00AFB408 /* Base */ = {isa = PBXFileReference; lastKnownFileType = file.storyboard; name = Base; path = Base.lproj/LaunchScreen.storyboard; sourceTree = "<group>"; };
		283BF637231EDDAD00AFB408 /* Info.plist */ = {isa = PBXFileReference; lastKnownFileType = text.plist.xml; path = Info.plist; sourceTree = "<group>"; };
/* End PBXFileReference section */

/* Begin PBXFrameworksBuildPhase section */
		283BF625231EDDAC00AFB408 /* Frameworks */ = {
			isa = PBXFrameworksBuildPhase;
			buildActionMask = 2147483647;
			files = (
			);
			runOnlyForDeploymentPostprocessing = 0;
		};
/* End PBXFrameworksBuildPhase section */

/* Begin PBXGroup section */
		283BF61F231EDDAC00AFB408 = {
			isa = PBXGroup;
			children = (
				283BF62A231EDDAC00AFB408 /* MyDogs */,
				283BF629231EDDAC00AFB408 /* Products */,
			);
			sourceTree = "<group>";
		};
		283BF629231EDDAC00AFB408 /* Products */ = {
			isa = PBXGroup;
			children = (
				283BF628231EDDAC00AFB408 /* MyDogs.app */,
			);
			name = Products;
			sourceTree = "<group>";
		};
		283BF62A231EDDAC00AFB408 /* MyDogs */ = {
			isa = PBXGroup;
			children = (
				283BF62B231EDDAC00AFB408 /* AppDelegate.swift */,
				283BF62D231EDDAC00AFB408 /* ViewController.swift */,
				283BF62F231EDDAC00AFB408 /* Main.storyboard */,
				283BF632231EDDAD00AFB408 /* Assets.xcassets */,
				283BF634231EDDAD00AFB408 /* LaunchScreen.storyboard */,
				283BF637231EDDAD00AFB408 /* Info.plist */,
			);
			path = MyDogs;
			sourceTree = "<group>";
		};
/* End PBXGroup section */

/* Begin PBXNativeTarget section */
		283BF627231EDDAC00AFB408 /* MyDogs */ = {
			isa = PBXNativeTarget;
			buildConfigurationList = 283BF63A231EDDAD00AFB408 /* Build configuration list for PBXNativeTarget "MyDogs" */;
			buildPhases = (
				283BF624231EDDAC00AFB408 /* Sources */,
				283BF625231EDDAC00AFB408 /* Frameworks */,
				283BF626231EDDAC00AFB408 /* Resources */,
			);
			buildRules = (
			);
			dependencies = (
			);
			name = MyDogs;
			productName = MyDogs;
			productReference = 283BF628231EDDAC00AFB408 /* MyDogs.app */;
			productType = "com.apple.product-type.application";
		};
/* End PBXNativeTarget section */

/* Begin PBXProject section */
		283BF620231EDDAC00AFB408 /* Project object */ = {
			isa = PBXProject;
			attributes = {
				LastSwiftUpdateCheck = 1030;
				LastUpgradeCheck = 1030;
				ORGANIZATIONNAME = "Jennifer Mah";
				TargetAttributes = {
					283BF627231EDDAC00AFB408 = {
						CreatedOnToolsVersion = 10.3;
					};
				};
			};
			buildConfigurationList = 283BF623231EDDAC00AFB408 /* Build configuration list for PBXProject "MyDogs" */;
			compatibilityVersion = "Xcode 9.3";
			developmentRegion = en;
			hasScannedForEncodings = 0;
			knownRegions = (
				en,
				Base,
			);
			mainGroup = 283BF61F231EDDAC00AFB408;
			productRefGroup = 283BF629231EDDAC00AFB408 /* Products */;
			projectDirPath = "";
			projectRoot = "";
			targets = (
				283BF627231EDDAC00AFB408 /* MyDogs */,
			);
		};
/* End PBXProject section */

/* Begin PBXResourcesBuildPhase section */
		283BF626231EDDAC00AFB408 /* Resources */ = {
			isa = PBXResourcesBuildPhase;
			buildActionMask = 2147483647;
			files = (
				283BF636231EDDAD00AFB408 /* LaunchScreen.storyboard in Resources */,
				283BF633231EDDAD00AFB408 /* Assets.xcassets in Resources */,
				283BF631231EDDAC00AFB408 /* Main.storyboard in Resources */,
			);
			runOnlyForDeploymentPostprocessing = 0;
		};
/* End PBXResourcesBuildPhase section */

/* Begin PBXSourcesBuildPhase section */
		283BF624231EDDAC00AFB408 /* Sources */ = {
			isa = PBXSourcesBuildPhase;
			buildActionMask = 2147483647;
			files = (
				283BF62E231EDDAC00AFB408 /* ViewController.swift in Sources */,
				283BF62C231EDDAC00AFB408 /* AppDelegate.swift in Sources */,
			);
			runOnlyForDeploymentPostprocessing = 0;
		};
/* End PBXSourcesBuildPhase section */

/* Begin PBXVariantGroup section */
		283BF62F231EDDAC00AFB408 /* Main.storyboard */ = {
			isa = PBXVariantGroup;
			children = (
				283BF630231EDDAC00AFB408 /* Base */,
			);
			name = Main.storyboard;
			sourceTree = "<group>";
		};
		283BF634231EDDAD00AFB408 /* LaunchScreen.storyboard */ = {
			isa = PBXVariantGroup;
			children = (
				283BF635231EDDAD00AFB408 /* Base */,
			);
			name = LaunchScreen.storyboard;
			sourceTree = "<group>";
		};
/* End PBXVariantGroup section */

/* Begin XCBuildConfiguration section */
		283BF638231EDDAD00AFB408 /* Debug */ = {
			isa = XCBuildConfiguration;
			buildSettings = {
				ALWAYS_SEARCH_USER_PATHS = NO;
				CLANG_ANALYZER_NONNULL = YES;
				CLANG_ANALYZER_NUMBER_OBJECT_CONVERSION = YES_AGGRESSIVE;
				CLANG_CXX_LANGUAGE_STANDARD = "gnu++14";
				CLANG_CXX_LIBRARY = "libc++";
				CLANG_ENABLE_MODULES = YES;
				CLANG_ENABLE_OBJC_ARC = YES;
				CLANG_ENABLE_OBJC_WEAK = YES;
				CLANG_WARN_BLOCK_CAPTURE_AUTORELEASING = YES;
				CLANG_WARN_BOOL_CONVERSION = YES;
				CLANG_WARN_COMMA = YES;
				CLANG_WARN_CONSTANT_CONVERSION = YES;
				CLANG_WARN_DEPRECATED_OBJC_IMPLEMENTATIONS = YES;
				CLANG_WARN_DIRECT_OBJC_ISA_USAGE = YES_ERROR;
				CLANG_WARN_DOCUMENTATION_COMMENTS = YES;
				CLANG_WARN_EMPTY_BODY = YES;
				CLANG_WARN_ENUM_CONVERSION = YES;
				CLANG_WARN_INFINITE_RECURSION = YES;
				CLANG_WARN_INT_CONVERSION = YES;
				CLANG_WARN_NON_LITERAL_NULL_CONVERSION = YES;
				CLANG_WARN_OBJC_IMPLICIT_RETAIN_SELF = YES;
				CLANG_WARN_OBJC_LITERAL_CONVERSION = YES;
				CLANG_WARN_OBJC_ROOT_CLASS = YES_ERROR;
				CLANG_WARN_RANGE_LOOP_ANALYSIS = YES;
				CLANG_WARN_STRICT_PROTOTYPES = YES;
				CLANG_WARN_SUSPICIOUS_MOVE = YES;
				CLANG_WARN_UNGUARDED_AVAILABILITY = YES_AGGRESSIVE;
				CLANG_WARN_UNREACHABLE_CODE = YES;
				CLANG_WARN__DUPLICATE_METHOD_MATCH = YES;
				CODE_SIGN_IDENTITY = "iPhone Developer";
				COPY_PHASE_STRIP = NO;
				DEBUG_INFORMATION_FORMAT = dwarf;
				ENABLE_STRICT_OBJC_MSGSEND = YES;
				ENABLE_TESTABILITY = YES;
				GCC_C_LANGUAGE_STANDARD = gnu11;
				GCC_DYNAMIC_NO_PIC = NO;
				GCC_NO_COMMON_BLOCKS = YES;
				GCC_OPTIMIZATION_LEVEL = 0;
				GCC_PREPROCESSOR_DEFINITIONS = (
					"DEBUG=1",
					"$(inherited)",
				);
				GCC_WARN_64_TO_32_BIT_CONVERSION = YES;
				GCC_WARN_ABOUT_RETURN_TYPE = YES_ERROR;
				GCC_WARN_UNDECLARED_SELECTOR = YES;
				GCC_WARN_UNINITIALIZED_AUTOS = YES_AGGRESSIVE;
				GCC_WARN_UNUSED_FUNCTION = YES;
				GCC_WARN_UNUSED_VARIABLE = YES;
				IPHONEOS_DEPLOYMENT_TARGET = 12.4;
				MTL_ENABLE_DEBUG_INFO = INCLUDE_SOURCE;
				MTL_FAST_MATH = YES;
				ONLY_ACTIVE_ARCH = YES;
				SDKROOT = iphoneos;
				SWIFT_ACTIVE_COMPILATION_CONDITIONS = DEBUG;
				SWIFT_OPTIMIZATION_LEVEL = "-Onone";
			};
			name = Debug;
		};
		283BF639231EDDAD00AFB408 /* Release */ = {
			isa = XCBuildConfiguration;
			buildSettings = {
				ALWAYS_SEARCH_USER_PATHS = NO;
				CLANG_ANALYZER_NONNULL = YES;
				CLANG_ANALYZER_NUMBER_OBJECT_CONVERSION = YES_AGGRESSIVE;
				CLANG_CXX_LANGUAGE_STANDARD = "gnu++14";
				CLANG_CXX_LIBRARY = "libc++";
				CLANG_ENABLE_MODULES = YES;
				CLANG_ENABLE_OBJC_ARC = YES;
				CLANG_ENABLE_OBJC_WEAK = YES;
				CLANG_WARN_BLOCK_CAPTURE_AUTORELEASING = YES;
				CLANG_WARN_BOOL_CONVERSION = YES;
				CLANG_WARN_COMMA = YES;
				CLANG_WARN_CONSTANT_CONVERSION = YES;
				CLANG_WARN_DEPRECATED_OBJC_IMPLEMENTATIONS = YES;
				CLANG_WARN_DIRECT_OBJC_ISA_USAGE = YES_ERROR;
				CLANG_WARN_DOCUMENTATION_COMMENTS = YES;
				CLANG_WARN_EMPTY_BODY = YES;
				CLANG_WARN_ENUM_CONVERSION = YES;
				CLANG_WARN_INFINITE_RECURSION = YES;
				CLANG_WARN_INT_CONVERSION = YES;
				CLANG_WARN_NON_LITERAL_NULL_CONVERSION = YES;
				CLANG_WARN_OBJC_IMPLICIT_RETAIN_SELF = YES;
				CLANG_WARN_OBJC_LITERAL_CONVERSION = YES;
				CLANG_WARN_OBJC_ROOT_CLASS = YES_ERROR;
				CLANG_WARN_RANGE_LOOP_ANALYSIS = YES;
				CLANG_WARN_STRICT_PROTOTYPES = YES;
				CLANG_WARN_SUSPICIOUS_MOVE = YES;
				CLANG_WARN_UNGUARDED_AVAILABILITY = YES_AGGRESSIVE;
				CLANG_WARN_UNREACHABLE_CODE = YES;
				CLANG_WARN__DUPLICATE_METHOD_MATCH = YES;
				CODE_SIGN_IDENTITY = "iPhone Developer";
				COPY_PHASE_STRIP = NO;
				DEBUG_INFORMATION_FORMAT = "dwarf-with-dsym";
				ENABLE_NS_ASSERTIONS = NO;
				ENABLE_STRICT_OBJC_MSGSEND = YES;
				GCC_C_LANGUAGE_STANDARD = gnu11;
				GCC_NO_COMMON_BLOCKS = YES;
				GCC_WARN_64_TO_32_BIT_CONVERSION = YES;
				GCC_WARN_ABOUT_RETURN_TYPE = YES_ERROR;
				GCC_WARN_UNDECLARED_SELECTOR = YES;
				GCC_WARN_UNINITIALIZED_AUTOS = YES_AGGRESSIVE;
				GCC_WARN_UNUSED_FUNCTION = YES;
				GCC_WARN_UNUSED_VARIABLE = YES;
				IPHONEOS_DEPLOYMENT_TARGET = 12.4;
				MTL_ENABLE_DEBUG_INFO = NO;
				MTL_FAST_MATH = YES;
				SDKROOT = iphoneos;
				SWIFT_COMPILATION_MODE = wholemodule;
				SWIFT_OPTIMIZATION_LEVEL = "-O";
				VALIDATE_PRODUCT = YES;
			};
			name = Release;
		};
		283BF63B231EDDAD00AFB408 /* Debug */ = {
			isa = XCBuildConfiguration;
			buildSettings = {
				ASSETCATALOG_COMPILER_APPICON_NAME = AppIcon;
				CODE_SIGN_STYLE = Automatic;
				INFOPLIST_FILE = MyDogs/Info.plist;
				LD_RUNPATH_SEARCH_PATHS = (
					"$(inherited)",
					"@executable_path/Frameworks",
				);
				PRODUCT_BUNDLE_IDENTIFIER = "CU-Boulder.MyDogs";
				PRODUCT_NAME = "$(TARGET_NAME)";
				SWIFT_VERSION = 5.0;
				TARGETED_DEVICE_FAMILY = "1,2";
			};
			name = Debug;
		};
		283BF63C231EDDAD00AFB408 /* Release */ = {
			isa = XCBuildConfiguration;
			buildSettings = {
				ASSETCATALOG_COMPILER_APPICON_NAME = AppIcon;
				CODE_SIGN_STYLE = Automatic;
				INFOPLIST_FILE = MyDogs/Info.plist;
				LD_RUNPATH_SEARCH_PATHS = (
					"$(inherited)",
					"@executable_path/Frameworks",
				);
				PRODUCT_BUNDLE_IDENTIFIER = "CU-Boulder.MyDogs";
				PRODUCT_NAME = "$(TARGET_NAME)";
				SWIFT_VERSION = 5.0;
				TARGETED_DEVICE_FAMILY = "1,2";
			};
			name = Release;
		};
/* End XCBuildConfiguration section */

/* Begin XCConfigurationList section */
		283BF623231EDDAC00AFB408 /* Build configuration list for PBXProject "MyDogs" */ = {
			isa = XCConfigurationList;
			buildConfigurations = (
				283BF638231EDDAD00AFB408 /* Debug */,
				283BF639231EDDAD00AFB408 /* Release */,
			);
			defaultConfigurationIsVisible = 0;
			defaultConfigurationName = Release;
		};
		283BF63A231EDDAD00AFB408 /* Build configuration list for PBXNativeTarget "MyDogs" */ = {
			isa = XCConfigurationList;
			buildConfigurations = (
				283BF63B231EDDAD00AFB408 /* Debug */,
				283BF63C231EDDAD00AFB408 /* Release */,
			);
			defaultConfigurationIsVisible = 0;
			defaultConfigurationName = Release;
		};
/* End XCConfigurationList section */
	};
	rootObject = 283BF620231EDDAC00AFB408 /* Project object */;
}
